// !$*UTF8*$!
{
	archiveVersion = 1;
	classes = {
	};
	objectVersion = 56;
	objects = {

/* Begin PBXBuildFile section */
		50F7C9BD68020111BC84548F /* Pods_LeagueOfLegends.framework in Frameworks */ = {isa = PBXBuildFile; fileRef = A74FAE21AE8394D0D6A34D89 /* Pods_LeagueOfLegends.framework */; };
		925555E82BA0C2A700DB8AE9 /* ChampionResponse.swift in Sources */ = {isa = PBXBuildFile; fileRef = 925555E72BA0C2A700DB8AE9 /* ChampionResponse.swift */; };
		925555EA2BA0EF5D00DB8AE9 /* LOLViewModel.swift in Sources */ = {isa = PBXBuildFile; fileRef = 925555E92BA0EF5D00DB8AE9 /* LOLViewModel.swift */; };
		925555EC2BA0EFA400DB8AE9 /* Bindable.swift in Sources */ = {isa = PBXBuildFile; fileRef = 925555EB2BA0EFA400DB8AE9 /* Bindable.swift */; };
		925555EE2BA0F4FD00DB8AE9 /* LOLView.swift in Sources */ = {isa = PBXBuildFile; fileRef = 925555ED2BA0F4FD00DB8AE9 /* LOLView.swift */; };
		925555F02BA0F55500DB8AE9 /* LOLCell.swift in Sources */ = {isa = PBXBuildFile; fileRef = 925555EF2BA0F55500DB8AE9 /* LOLCell.swift */; };
		925D53042BA225C40005106F /* DiggoChampion.swift in Sources */ = {isa = PBXBuildFile; fileRef = 925D53032BA225C40005106F /* DiggoChampion.swift */; };
		92C1D6902B9F66020070E6D8 /* Service.swift in Sources */ = {isa = PBXBuildFile; fileRef = 92C1D68F2B9F66020070E6D8 /* Service.swift */; };
		92C1D6942B9F761D0070E6D8 /* champions.json in Resources */ = {isa = PBXBuildFile; fileRef = 92C1D6932B9F761D0070E6D8 /* champions.json */; };
		92E06A572B9F62C0007F86D8 /* AppDelegate.swift in Sources */ = {isa = PBXBuildFile; fileRef = 92E06A562B9F62C0007F86D8 /* AppDelegate.swift */; };
		92E06A592B9F62C0007F86D8 /* SceneDelegate.swift in Sources */ = {isa = PBXBuildFile; fileRef = 92E06A582B9F62C0007F86D8 /* SceneDelegate.swift */; };
		92E06A5B2B9F62C0007F86D8 /* LOLViewController.swift in Sources */ = {isa = PBXBuildFile; fileRef = 92E06A5A2B9F62C0007F86D8 /* LOLViewController.swift */; };
		92E06A602B9F62C1007F86D8 /* Assets.xcassets in Resources */ = {isa = PBXBuildFile; fileRef = 92E06A5F2B9F62C1007F86D8 /* Assets.xcassets */; };
		92E06A632B9F62C1007F86D8 /* LaunchScreen.storyboard in Resources */ = {isa = PBXBuildFile; fileRef = 92E06A612B9F62C1007F86D8 /* LaunchScreen.storyboard */; };
/* End PBXBuildFile section */

/* Begin PBXFileReference section */
		174DCA74EBDBC094A9149F8F /* Pods-LeagueOfLegends.debug.xcconfig */ = {isa = PBXFileReference; includeInIndex = 1; lastKnownFileType = text.xcconfig; name = "Pods-LeagueOfLegends.debug.xcconfig"; path = "Target Support Files/Pods-LeagueOfLegends/Pods-LeagueOfLegends.debug.xcconfig"; sourceTree = "<group>"; };
		7B72677C11BB2491798FDFE7 /* Pods-LeagueOfLegends.release.xcconfig */ = {isa = PBXFileReference; includeInIndex = 1; lastKnownFileType = text.xcconfig; name = "Pods-LeagueOfLegends.release.xcconfig"; path = "Target Support Files/Pods-LeagueOfLegends/Pods-LeagueOfLegends.release.xcconfig"; sourceTree = "<group>"; };
		925555E72BA0C2A700DB8AE9 /* ChampionResponse.swift */ = {isa = PBXFileReference; lastKnownFileType = sourcecode.swift; path = ChampionResponse.swift; sourceTree = "<group>"; };
		925555E92BA0EF5D00DB8AE9 /* LOLViewModel.swift */ = {isa = PBXFileReference; lastKnownFileType = sourcecode.swift; path = LOLViewModel.swift; sourceTree = "<group>"; };
		925555EB2BA0EFA400DB8AE9 /* Bindable.swift */ = {isa = PBXFileReference; lastKnownFileType = sourcecode.swift; path = Bindable.swift; sourceTree = "<group>"; };
		925555ED2BA0F4FD00DB8AE9 /* LOLView.swift */ = {isa = PBXFileReference; lastKnownFileType = sourcecode.swift; path = LOLView.swift; sourceTree = "<group>"; };
		925555EF2BA0F55500DB8AE9 /* LOLCell.swift */ = {isa = PBXFileReference; lastKnownFileType = sourcecode.swift; path = LOLCell.swift; sourceTree = "<group>"; };
		925D53032BA225C40005106F /* DiggoChampion.swift */ = {isa = PBXFileReference; lastKnownFileType = sourcecode.swift; path = DiggoChampion.swift; sourceTree = "<group>"; };
		92C1D68F2B9F66020070E6D8 /* Service.swift */ = {isa = PBXFileReference; lastKnownFileType = sourcecode.swift; path = Service.swift; sourceTree = "<group>"; };
		92C1D6932B9F761D0070E6D8 /* champions.json */ = {isa = PBXFileReference; fileEncoding = 4; lastKnownFileType = text.json; path = champions.json; sourceTree = "<group>"; };
		92E06A532B9F62C0007F86D8 /* LeagueOfLegends.app */ = {isa = PBXFileReference; explicitFileType = wrapper.application; includeInIndex = 0; path = LeagueOfLegends.app; sourceTree = BUILT_PRODUCTS_DIR; };
		92E06A562B9F62C0007F86D8 /* AppDelegate.swift */ = {isa = PBXFileReference; lastKnownFileType = sourcecode.swift; path = AppDelegate.swift; sourceTree = "<group>"; };
		92E06A582B9F62C0007F86D8 /* SceneDelegate.swift */ = {isa = PBXFileReference; lastKnownFileType = sourcecode.swift; path = SceneDelegate.swift; sourceTree = "<group>"; };
		92E06A5A2B9F62C0007F86D8 /* LOLViewController.swift */ = {isa = PBXFileReference; lastKnownFileType = sourcecode.swift; path = LOLViewController.swift; sourceTree = "<group>"; };
		92E06A5F2B9F62C1007F86D8 /* Assets.xcassets */ = {isa = PBXFileReference; lastKnownFileType = folder.assetcatalog; path = Assets.xcassets; sourceTree = "<group>"; };
		92E06A622B9F62C1007F86D8 /* Base */ = {isa = PBXFileReference; lastKnownFileType = file.storyboard; name = Base; path = Base.lproj/LaunchScreen.storyboard; sourceTree = "<group>"; };
		92E06A642B9F62C1007F86D8 /* Info.plist */ = {isa = PBXFileReference; lastKnownFileType = text.plist.xml; path = Info.plist; sourceTree = "<group>"; };
		A74FAE21AE8394D0D6A34D89 /* Pods_LeagueOfLegends.framework */ = {isa = PBXFileReference; explicitFileType = wrapper.framework; includeInIndex = 0; path = Pods_LeagueOfLegends.framework; sourceTree = BUILT_PRODUCTS_DIR; };
/* End PBXFileReference section */

/* Begin PBXFrameworksBuildPhase section */
		92E06A502B9F62C0007F86D8 /* Frameworks */ = {
			isa = PBXFrameworksBuildPhase;
			buildActionMask = 2147483647;
			files = (
				50F7C9BD68020111BC84548F /* Pods_LeagueOfLegends.framework in Frameworks */,
			);
			runOnlyForDeploymentPostprocessing = 0;
		};
/* End PBXFrameworksBuildPhase section */

/* Begin PBXGroup section */
		8AD00A1E134367C511BD63DA /* Pods */ = {
			isa = PBXGroup;
			children = (
				174DCA74EBDBC094A9149F8F /* Pods-LeagueOfLegends.debug.xcconfig */,
				7B72677C11BB2491798FDFE7 /* Pods-LeagueOfLegends.release.xcconfig */,
			);
			path = Pods;
			sourceTree = "<group>";
		};
		925D52FC2BA2253A0005106F /* Utils */ = {
			isa = PBXGroup;
			children = (
				925555EB2BA0EFA400DB8AE9 /* Bindable.swift */,
			);
			path = Utils;
			sourceTree = "<group>";
		};
		925D52FD2BA2254F0005106F /* Network */ = {
			isa = PBXGroup;
			children = (
				92C1D68F2B9F66020070E6D8 /* Service.swift */,
			);
			path = Network;
			sourceTree = "<group>";
		};
		925D52FE2BA225690005106F /* Screens */ = {
			isa = PBXGroup;
			children = (
				925D53012BA225700005106F /* Controller */,
				925D53002BA2256F0005106F /* View */,
				925D52FF2BA2256C0005106F /* ViewModel */,
			);
			path = Screens;
			sourceTree = "<group>";
		};
		925D52FF2BA2256C0005106F /* ViewModel */ = {
			isa = PBXGroup;
			children = (
				925555E92BA0EF5D00DB8AE9 /* LOLViewModel.swift */,
			);
			path = ViewModel;
			sourceTree = "<group>";
		};
		925D53002BA2256F0005106F /* View */ = {
			isa = PBXGroup;
			children = (
				925555ED2BA0F4FD00DB8AE9 /* LOLView.swift */,
				925555EF2BA0F55500DB8AE9 /* LOLCell.swift */,
			);
			path = View;
			sourceTree = "<group>";
		};
		925D53012BA225700005106F /* Controller */ = {
			isa = PBXGroup;
			children = (
				92E06A5A2B9F62C0007F86D8 /* LOLViewController.swift */,
			);
			path = Controller;
			sourceTree = "<group>";
		};
		925D53022BA225A50005106F /* Model */ = {
			isa = PBXGroup;
			children = (
				925555E72BA0C2A700DB8AE9 /* ChampionResponse.swift */,
				925D53032BA225C40005106F /* DiggoChampion.swift */,
			);
			path = Model;
			sourceTree = "<group>";
		};
		925D53052BA225FA0005106F /* MockData */ = {
			isa = PBXGroup;
			children = (
				92C1D6932B9F761D0070E6D8 /* champions.json */,
			);
			path = MockData;
			sourceTree = "<group>";
		};
		92C1D68E2B9F65960070E6D8 /* Resources */ = {
			isa = PBXGroup;
			children = (
				92E06A562B9F62C0007F86D8 /* AppDelegate.swift */,
				92E06A582B9F62C0007F86D8 /* SceneDelegate.swift */,
				92E06A5F2B9F62C1007F86D8 /* Assets.xcassets */,
				92E06A612B9F62C1007F86D8 /* LaunchScreen.storyboard */,
				92E06A642B9F62C1007F86D8 /* Info.plist */,
			);
			path = Resources;
			sourceTree = "<group>";
		};
		92E06A4A2B9F62C0007F86D8 = {
			isa = PBXGroup;
			children = (
				92E06A552B9F62C0007F86D8 /* LeagueOfLegends */,
				92E06A542B9F62C0007F86D8 /* Products */,
				8AD00A1E134367C511BD63DA /* Pods */,
				DF9CC655A8E748252EC8D9C4 /* Frameworks */,
			);
			sourceTree = "<group>";
		};
		92E06A542B9F62C0007F86D8 /* Products */ = {
			isa = PBXGroup;
			children = (
				92E06A532B9F62C0007F86D8 /* LeagueOfLegends.app */,
			);
			name = Products;
			sourceTree = "<group>";
		};
		92E06A552B9F62C0007F86D8 /* LeagueOfLegends */ = {
			isa = PBXGroup;
			children = (
				92C1D68E2B9F65960070E6D8 /* Resources */,
				925D53052BA225FA0005106F /* MockData */,
				925D53022BA225A50005106F /* Model */,
				925D52FD2BA2254F0005106F /* Network */,
				925D52FE2BA225690005106F /* Screens */,
				925D52FC2BA2253A0005106F /* Utils */,
			);
			path = LeagueOfLegends;
			sourceTree = "<group>";
		};
		DF9CC655A8E748252EC8D9C4 /* Frameworks */ = {
			isa = PBXGroup;
			children = (
				A74FAE21AE8394D0D6A34D89 /* Pods_LeagueOfLegends.framework */,
			);
			name = Frameworks;
			sourceTree = "<group>";
		};
/* End PBXGroup section */

/* Begin PBXNativeTarget section */
		92E06A522B9F62C0007F86D8 /* LeagueOfLegends */ = {
			isa = PBXNativeTarget;
			buildConfigurationList = 92E06A672B9F62C1007F86D8 /* Build configuration list for PBXNativeTarget "LeagueOfLegends" */;
			buildPhases = (
				4F1581323D1CBF5AB4D29C43 /* [CP] Check Pods Manifest.lock */,
				92E06A4F2B9F62C0007F86D8 /* Sources */,
				92E06A502B9F62C0007F86D8 /* Frameworks */,
				92E06A512B9F62C0007F86D8 /* Resources */,
				3CC40DC25ED55B39DDFBE92E /* [CP] Embed Pods Frameworks */,
			);
			buildRules = (
			);
			dependencies = (
			);
			name = LeagueOfLegends;
			productName = LOL;
			productReference = 92E06A532B9F62C0007F86D8 /* LeagueOfLegends.app */;
			productType = "com.apple.product-type.application";
		};
/* End PBXNativeTarget section */

/* Begin PBXProject section */
		92E06A4B2B9F62C0007F86D8 /* Project object */ = {
			isa = PBXProject;
			attributes = {
				BuildIndependentTargetsInParallel = 1;
				LastSwiftUpdateCheck = 1500;
				LastUpgradeCheck = 1500;
				TargetAttributes = {
					92E06A522B9F62C0007F86D8 = {
						CreatedOnToolsVersion = 15.0.1;
					};
				};
			};
			buildConfigurationList = 92E06A4E2B9F62C0007F86D8 /* Build configuration list for PBXProject "LeagueOfLegends" */;
			compatibilityVersion = "Xcode 14.0";
			developmentRegion = en;
			hasScannedForEncodings = 0;
			knownRegions = (
				en,
				Base,
			);
			mainGroup = 92E06A4A2B9F62C0007F86D8;
			productRefGroup = 92E06A542B9F62C0007F86D8 /* Products */;
			projectDirPath = "";
			projectRoot = "";
			targets = (
				92E06A522B9F62C0007F86D8 /* LeagueOfLegends */,
			);
		};
/* End PBXProject section */

/* Begin PBXResourcesBuildPhase section */
		92E06A512B9F62C0007F86D8 /* Resources */ = {
			isa = PBXResourcesBuildPhase;
			buildActionMask = 2147483647;
			files = (
				92E06A632B9F62C1007F86D8 /* LaunchScreen.storyboard in Resources */,
				92E06A602B9F62C1007F86D8 /* Assets.xcassets in Resources */,
				92C1D6942B9F761D0070E6D8 /* champions.json in Resources */,
			);
			runOnlyForDeploymentPostprocessing = 0;
		};
/* End PBXResourcesBuildPhase section */

/* Begin PBXShellScriptBuildPhase section */
		3CC40DC25ED55B39DDFBE92E /* [CP] Embed Pods Frameworks */ = {
			isa = PBXShellScriptBuildPhase;
			buildActionMask = 2147483647;
			files = (
			);
			inputFileListPaths = (
				"${PODS_ROOT}/Target Support Files/Pods-LeagueOfLegends/Pods-LeagueOfLegends-frameworks-${CONFIGURATION}-input-files.xcfilelist",
			);
			name = "[CP] Embed Pods Frameworks";
			outputFileListPaths = (
				"${PODS_ROOT}/Target Support Files/Pods-LeagueOfLegends/Pods-LeagueOfLegends-frameworks-${CONFIGURATION}-output-files.xcfilelist",
			);
			runOnlyForDeploymentPostprocessing = 0;
			shellPath = /bin/sh;
			shellScript = "\"${PODS_ROOT}/Target Support Files/Pods-LeagueOfLegends/Pods-LeagueOfLegends-frameworks.sh\"\n";
			showEnvVarsInLog = 0;
		};
		4F1581323D1CBF5AB4D29C43 /* [CP] Check Pods Manifest.lock */ = {
			isa = PBXShellScriptBuildPhase;
			buildActionMask = 2147483647;
			files = (
			);
			inputFileListPaths = (
			);
			inputPaths = (
				"${PODS_PODFILE_DIR_PATH}/Podfile.lock",
				"${PODS_ROOT}/Manifest.lock",
			);
			name = "[CP] Check Pods Manifest.lock";
			outputFileListPaths = (
			);
			outputPaths = (
				"$(DERIVED_FILE_DIR)/Pods-LeagueOfLegends-checkManifestLockResult.txt",
			);
			runOnlyForDeploymentPostprocessing = 0;
			shellPath = /bin/sh;
			shellScript = "diff \"${PODS_PODFILE_DIR_PATH}/Podfile.lock\" \"${PODS_ROOT}/Manifest.lock\" > /dev/null\nif [ $? != 0 ] ; then\n    # print error to STDERR\n    echo \"error: The sandbox is not in sync with the Podfile.lock. Run 'pod install' or update your CocoaPods installation.\" >&2\n    exit 1\nfi\n# This output is used by Xcode 'outputs' to avoid re-running this script phase.\necho \"SUCCESS\" > \"${SCRIPT_OUTPUT_FILE_0}\"\n";
			showEnvVarsInLog = 0;
		};
/* End PBXShellScriptBuildPhase section */

/* Begin PBXSourcesBuildPhase section */
		92E06A4F2B9F62C0007F86D8 /* Sources */ = {
			isa = PBXSourcesBuildPhase;
			buildActionMask = 2147483647;
			files = (
				92E06A5B2B9F62C0007F86D8 /* LOLViewController.swift in Sources */,
				925555EC2BA0EFA400DB8AE9 /* Bindable.swift in Sources */,
				925555EE2BA0F4FD00DB8AE9 /* LOLView.swift in Sources */,
				92C1D6902B9F66020070E6D8 /* Service.swift in Sources */,
				925555EA2BA0EF5D00DB8AE9 /* LOLViewModel.swift in Sources */,
				925D53042BA225C40005106F /* DiggoChampion.swift in Sources */,
				925555E82BA0C2A700DB8AE9 /* ChampionResponse.swift in Sources */,
				92E06A572B9F62C0007F86D8 /* AppDelegate.swift in Sources */,
				92E06A592B9F62C0007F86D8 /* SceneDelegate.swift in Sources */,
				925555F02BA0F55500DB8AE9 /* LOLCell.swift in Sources */,
			);
			runOnlyForDeploymentPostprocessing = 0;
		};
/* End PBXSourcesBuildPhase section */

/* Begin PBXVariantGroup section */
		92E06A612B9F62C1007F86D8 /* LaunchScreen.storyboard */ = {
			isa = PBXVariantGroup;
			children = (
				92E06A622B9F62C1007F86D8 /* Base */,
			);
			name = LaunchScreen.storyboard;
			sourceTree = "<group>";
		};
/* End PBXVariantGroup section */

/* Begin XCBuildConfiguration section */
		92E06A652B9F62C1007F86D8 /* Debug */ = {
			isa = XCBuildConfiguration;
			buildSettings = {
				ALWAYS_SEARCH_USER_PATHS = NO;
				ASSETCATALOG_COMPILER_GENERATE_SWIFT_ASSET_SYMBOL_EXTENSIONS = YES;
				CLANG_ANALYZER_NONNULL = YES;
				CLANG_ANALYZER_NUMBER_OBJECT_CONVERSION = YES_AGGRESSIVE;
				CLANG_CXX_LANGUAGE_STANDARD = "gnu++20";
				CLANG_ENABLE_MODULES = YES;
				CLANG_ENABLE_OBJC_ARC = YES;
				CLANG_ENABLE_OBJC_WEAK = YES;
				CLANG_WARN_BLOCK_CAPTURE_AUTORELEASING = YES;
				CLANG_WARN_BOOL_CONVERSION = YES;
				CLANG_WARN_COMMA = YES;
				CLANG_WARN_CONSTANT_CONVERSION = YES;
				CLANG_WARN_DEPRECATED_OBJC_IMPLEMENTATIONS = YES;
				CLANG_WARN_DIRECT_OBJC_ISA_USAGE = YES_ERROR;
				CLANG_WARN_DOCUMENTATION_COMMENTS = YES;
				CLANG_WARN_EMPTY_BODY = YES;
				CLANG_WARN_ENUM_CONVERSION = YES;
				CLANG_WARN_INFINITE_RECURSION = YES;
				CLANG_WARN_INT_CONVERSION = YES;
				CLANG_WARN_NON_LITERAL_NULL_CONVERSION = YES;
				CLANG_WARN_OBJC_IMPLICIT_RETAIN_SELF = YES;
				CLANG_WARN_OBJC_LITERAL_CONVERSION = YES;
				CLANG_WARN_OBJC_ROOT_CLASS = YES_ERROR;
				CLANG_WARN_QUOTED_INCLUDE_IN_FRAMEWORK_HEADER = YES;
				CLANG_WARN_RANGE_LOOP_ANALYSIS = YES;
				CLANG_WARN_STRICT_PROTOTYPES = YES;
				CLANG_WARN_SUSPICIOUS_MOVE = YES;
				CLANG_WARN_UNGUARDED_AVAILABILITY = YES_AGGRESSIVE;
				CLANG_WARN_UNREACHABLE_CODE = YES;
				CLANG_WARN__DUPLICATE_METHOD_MATCH = YES;
				COPY_PHASE_STRIP = NO;
				DEBUG_INFORMATION_FORMAT = dwarf;
				ENABLE_STRICT_OBJC_MSGSEND = YES;
				ENABLE_TESTABILITY = YES;
				ENABLE_USER_SCRIPT_SANDBOXING = NO;
				GCC_C_LANGUAGE_STANDARD = gnu17;
				GCC_DYNAMIC_NO_PIC = NO;
				GCC_NO_COMMON_BLOCKS = YES;
				GCC_OPTIMIZATION_LEVEL = 0;
				GCC_PREPROCESSOR_DEFINITIONS = (
					"DEBUG=1",
					"$(inherited)",
				);
				GCC_WARN_64_TO_32_BIT_CONVERSION = YES;
				GCC_WARN_ABOUT_RETURN_TYPE = YES_ERROR;
				GCC_WARN_UNDECLARED_SELECTOR = YES;
				GCC_WARN_UNINITIALIZED_AUTOS = YES_AGGRESSIVE;
				GCC_WARN_UNUSED_FUNCTION = YES;
				GCC_WARN_UNUSED_VARIABLE = YES;
				IPHONEOS_DEPLOYMENT_TARGET = 17.0;
				LOCALIZATION_PREFERS_STRING_CATALOGS = YES;
				MTL_ENABLE_DEBUG_INFO = INCLUDE_SOURCE;
				MTL_FAST_MATH = YES;
				ONLY_ACTIVE_ARCH = YES;
				SDKROOT = iphoneos;
				SWIFT_ACTIVE_COMPILATION_CONDITIONS = "DEBUG $(inherited)";
				SWIFT_OPTIMIZATION_LEVEL = "-Onone";
			};
			name = Debug;
		};
		92E06A662B9F62C1007F86D8 /* Release */ = {
			isa = XCBuildConfiguration;
			buildSettings = {
				ALWAYS_SEARCH_USER_PATHS = NO;
				ASSETCATALOG_COMPILER_GENERATE_SWIFT_ASSET_SYMBOL_EXTENSIONS = YES;
				CLANG_ANALYZER_NONNULL = YES;
				CLANG_ANALYZER_NUMBER_OBJECT_CONVERSION = YES_AGGRESSIVE;
				CLANG_CXX_LANGUAGE_STANDARD = "gnu++20";
				CLANG_ENABLE_MODULES = YES;
				CLANG_ENABLE_OBJC_ARC = YES;
				CLANG_ENABLE_OBJC_WEAK = YES;
				CLANG_WARN_BLOCK_CAPTURE_AUTORELEASING = YES;
				CLANG_WARN_BOOL_CONVERSION = YES;
				CLANG_WARN_COMMA = YES;
				CLANG_WARN_CONSTANT_CONVERSION = YES;
				CLANG_WARN_DEPRECATED_OBJC_IMPLEMENTATIONS = YES;
				CLANG_WARN_DIRECT_OBJC_ISA_USAGE = YES_ERROR;
				CLANG_WARN_DOCUMENTATION_COMMENTS = YES;
				CLANG_WARN_EMPTY_BODY = YES;
				CLANG_WARN_ENUM_CONVERSION = YES;
				CLANG_WARN_INFINITE_RECURSION = YES;
				CLANG_WARN_INT_CONVERSION = YES;
				CLANG_WARN_NON_LITERAL_NULL_CONVERSION = YES;
				CLANG_WARN_OBJC_IMPLICIT_RETAIN_SELF = YES;
				CLANG_WARN_OBJC_LITERAL_CONVERSION = YES;
				CLANG_WARN_OBJC_ROOT_CLASS = YES_ERROR;
				CLANG_WARN_QUOTED_INCLUDE_IN_FRAMEWORK_HEADER = YES;
				CLANG_WARN_RANGE_LOOP_ANALYSIS = YES;
				CLANG_WARN_STRICT_PROTOTYPES = YES;
				CLANG_WARN_SUSPICIOUS_MOVE = YES;
				CLANG_WARN_UNGUARDED_AVAILABILITY = YES_AGGRESSIVE;
				CLANG_WARN_UNREACHABLE_CODE = YES;
				CLANG_WARN__DUPLICATE_METHOD_MATCH = YES;
				COPY_PHASE_STRIP = NO;
				DEBUG_INFORMATION_FORMAT = "dwarf-with-dsym";
				ENABLE_NS_ASSERTIONS = NO;
				ENABLE_STRICT_OBJC_MSGSEND = YES;
				ENABLE_USER_SCRIPT_SANDBOXING = NO;
				GCC_C_LANGUAGE_STANDARD = gnu17;
				GCC_NO_COMMON_BLOCKS = YES;
				GCC_WARN_64_TO_32_BIT_CONVERSION = YES;
				GCC_WARN_ABOUT_RETURN_TYPE = YES_ERROR;
				GCC_WARN_UNDECLARED_SELECTOR = YES;
				GCC_WARN_UNINITIALIZED_AUTOS = YES_AGGRESSIVE;
				GCC_WARN_UNUSED_FUNCTION = YES;
				GCC_WARN_UNUSED_VARIABLE = YES;
				IPHONEOS_DEPLOYMENT_TARGET = 17.0;
				LOCALIZATION_PREFERS_STRING_CATALOGS = YES;
				MTL_ENABLE_DEBUG_INFO = NO;
				MTL_FAST_MATH = YES;
				SDKROOT = iphoneos;
				SWIFT_COMPILATION_MODE = wholemodule;
				VALIDATE_PRODUCT = YES;
			};
			name = Release;
		};
		92E06A682B9F62C1007F86D8 /* Debug */ = {
			isa = XCBuildConfiguration;
			baseConfigurationReference = 174DCA74EBDBC094A9149F8F /* Pods-LeagueOfLegends.debug.xcconfig */;
			buildSettings = {
				ASSETCATALOG_COMPILER_APPICON_NAME = AppIcon;
				ASSETCATALOG_COMPILER_GLOBAL_ACCENT_COLOR_NAME = AccentColor;
				CODE_SIGN_STYLE = Automatic;
				CURRENT_PROJECT_VERSION = 1;
				DEVELOPMENT_TEAM = 57HYQW6DAG;
				GENERATE_INFOPLIST_FILE = YES;
				INFOPLIST_FILE = LeagueOfLegends/Resources/Info.plist;
				INFOPLIST_KEY_UIApplicationSupportsIndirectInputEvents = YES;
				INFOPLIST_KEY_UILaunchStoryboardName = LaunchScreen;
				INFOPLIST_KEY_UISupportedInterfaceOrientations_iPad = "UIInterfaceOrientationPortrait UIInterfaceOrientationPortraitUpsideDown UIInterfaceOrientationLandscapeLeft UIInterfaceOrientationLandscapeRight";
				INFOPLIST_KEY_UISupportedInterfaceOrientations_iPhone = "UIInterfaceOrientationPortrait UIInterfaceOrientationLandscapeLeft UIInterfaceOrientationLandscapeRight";
				LD_RUNPATH_SEARCH_PATHS = (
					"$(inherited)",
					"@executable_path/Frameworks",
				);
				MARKETING_VERSION = 1.0;
				PRODUCT_BUNDLE_IDENTIFIER = com.diggosilva.LeagueOfLegends;
				PRODUCT_NAME = "$(TARGET_NAME)";
				SWIFT_EMIT_LOC_STRINGS = YES;
				SWIFT_VERSION = 5.0;
				TARGETED_DEVICE_FAMILY = "1,2";
			};
			name = Debug;
		};
		92E06A692B9F62C1007F86D8 /* Release */ = {
			isa = XCBuildConfiguration;
			baseConfigurationReference = 7B72677C11BB2491798FDFE7 /* Pods-LeagueOfLegends.release.xcconfig */;
			buildSettings = {
				ASSETCATALOG_COMPILER_APPICON_NAME = AppIcon;
				ASSETCATALOG_COMPILER_GLOBAL_ACCENT_COLOR_NAME = AccentColor;
				CODE_SIGN_STYLE = Automatic;
				CURRENT_PROJECT_VERSION = 1;
				DEVELOPMENT_TEAM = 57HYQW6DAG;
				GENERATE_INFOPLIST_FILE = YES;
				INFOPLIST_FILE = LeagueOfLegends/Resources/Info.plist;
				INFOPLIST_KEY_UIApplicationSupportsIndirectInputEvents = YES;
				INFOPLIST_KEY_UILaunchStoryboardName = LaunchScreen;
				INFOPLIST_KEY_UISupportedInterfaceOrientations_iPad = "UIInterfaceOrientationPortrait UIInterfaceOrientationPortraitUpsideDown UIInterfaceOrientationLandscapeLeft UIInterfaceOrientationLandscapeRight";
				INFOPLIST_KEY_UISupportedInterfaceOrientations_iPhone = "UIInterfaceOrientationPortrait UIInterfaceOrientationLandscapeLeft UIInterfaceOrientationLandscapeRight";
				LD_RUNPATH_SEARCH_PATHS = (
					"$(inherited)",
					"@executable_path/Frameworks",
				);
				MARKETING_VERSION = 1.0;
				PRODUCT_BUNDLE_IDENTIFIER = com.diggosilva.LeagueOfLegends;
				PRODUCT_NAME = "$(TARGET_NAME)";
				SWIFT_EMIT_LOC_STRINGS = YES;
				SWIFT_VERSION = 5.0;
				TARGETED_DEVICE_FAMILY = "1,2";
			};
			name = Release;
		};
/* End XCBuildConfiguration section */

/* Begin XCConfigurationList section */
		92E06A4E2B9F62C0007F86D8 /* Build configuration list for PBXProject "LeagueOfLegends" */ = {
			isa = XCConfigurationList;
			buildConfigurations = (
				92E06A652B9F62C1007F86D8 /* Debug */,
				92E06A662B9F62C1007F86D8 /* Release */,
			);
			defaultConfigurationIsVisible = 0;
			defaultConfigurationName = Release;
		};
		92E06A672B9F62C1007F86D8 /* Build configuration list for PBXNativeTarget "LeagueOfLegends" */ = {
			isa = XCConfigurationList;
			buildConfigurations = (
				92E06A682B9F62C1007F86D8 /* Debug */,
				92E06A692B9F62C1007F86D8 /* Release */,
			);
			defaultConfigurationIsVisible = 0;
			defaultConfigurationName = Release;
		};
/* End XCConfigurationList section */
	};
	rootObject = 92E06A4B2B9F62C0007F86D8 /* Project object */;
}
